
Microsoft Visual Studio Solution File, Format Version 12.00
# Visual Studio Version 17
VisualStudioVersion = 17.0.31903.59
MinimumVisualStudioVersion = 10.0.40219.1
Project("{2150E333-8FDC-42A3-9474-1A3956D46DE8}") = "src", "src", "{CD784377-460A-4075-849A-B4E3447E8DC1}"
EndProject
Project("{FAE04EC0-301F-11D3-BF4B-00C04F79EFBC}") = "ChatApp.Api", "src\ChatApp.Api\ChatApp.Api.csproj", "{8F534402-52E4-437E-8AD7-D09A17AC4A87}"
EndProject
Project("{FAE04EC0-301F-11D3-BF4B-00C04F79EFBC}") = "ChatApp.Application", "src\ChatApp.Application\ChatApp.Application.csproj", "{A2AA101A-DC7C-490B-B57A-C3A09364A4AC}"
EndProject
Project("{FAE04EC0-301F-11D3-BF4B-00C04F79EFBC}") = "ChatApp.Contracts", "src\ChatApp.Contracts\ChatApp.Contracts.csproj", "{52C01D94-B3C2-4C85-B480-515D84449537}"
EndProject
Project("{FAE04EC0-301F-11D3-BF4B-00C04F79EFBC}") = "ChatApp.Domain", "src\ChatApp.Domain\ChatApp.Domain.csproj", "{CDD0BB44-A000-43C9-B909-17EC2DE3EC93}"
EndProject
Project("{FAE04EC0-301F-11D3-BF4B-00C04F79EFBC}") = "ChatApp.Infrastructure", "src\ChatApp.Infrastructure\ChatApp.Infrastructure.csproj", "{472F959C-067C-47F9-9977-7369C24511DC}"
EndProject
Project("{2150E333-8FDC-42A3-9474-1A3956D46DE8}") = "tests", "tests", "{8AB7296A-E48B-4727-8E71-32542DEBCD3E}"
EndProject
Project("{FAE04EC0-301F-11D3-BF4B-00C04F79EFBC}") = "ChatApp.Application.Tests", "tests\ChatApp.Application.Tests\ChatApp.Application.Tests.csproj", "{BCBB0799-881F-4B37-8FED-174674A126B3}"
EndProject
Project("{FAE04EC0-301F-11D3-BF4B-00C04F79EFBC}") = "ChatApp.Infrastructure.Tests", "tests\ChatApp.Infrastructure.Tests\ChatApp.Infrastructure.Tests.csproj", "{89A7F365-6513-431D-A1BC-871D2F0ED625}"
EndProject
Global
	GlobalSection(SolutionConfigurationPlatforms) = preSolution
		Debug|Any CPU = Debug|Any CPU
		Release|Any CPU = Release|Any CPU
	EndGlobalSection
	GlobalSection(SolutionProperties) = preSolution
		HideSolutionNode = FALSE
	EndGlobalSection
	GlobalSection(ProjectConfigurationPlatforms) = postSolution
		{EA0E6C45-E6C4-4E6C-AC92-AB770E0BAD62}.Debug|Any CPU.ActiveCfg = Debug|Any CPU
		{EA0E6C45-E6C4-4E6C-AC92-AB770E0BAD62}.Debug|Any CPU.Build.0 = Debug|Any CPU
		{EA0E6C45-E6C4-4E6C-AC92-AB770E0BAD62}.Release|Any CPU.ActiveCfg = Release|Any CPU
		{EA0E6C45-E6C4-4E6C-AC92-AB770E0BAD62}.Release|Any CPU.Build.0 = Release|Any CPU
		{A38F7571-D5EC-42E8-849F-9F5F974A6175}.Debug|Any CPU.ActiveCfg = Debug|Any CPU
		{A38F7571-D5EC-42E8-849F-9F5F974A6175}.Debug|Any CPU.Build.0 = Debug|Any CPU
		{A38F7571-D5EC-42E8-849F-9F5F974A6175}.Release|Any CPU.ActiveCfg = Release|Any CPU
		{A38F7571-D5EC-42E8-849F-9F5F974A6175}.Release|Any CPU.Build.0 = Release|Any CPU
		{6C3E80D4-09A5-4CA0-B8A7-1463CB8473FE}.Debug|Any CPU.ActiveCfg = Debug|Any CPU
		{6C3E80D4-09A5-4CA0-B8A7-1463CB8473FE}.Debug|Any CPU.Build.0 = Debug|Any CPU
		{6C3E80D4-09A5-4CA0-B8A7-1463CB8473FE}.Release|Any CPU.ActiveCfg = Release|Any CPU
		{6C3E80D4-09A5-4CA0-B8A7-1463CB8473FE}.Release|Any CPU.Build.0 = Release|Any CPU
		{9B6ACEC1-20ED-43E4-959D-C2933DB1B2BD}.Debug|Any CPU.ActiveCfg = Debug|Any CPU
		{9B6ACEC1-20ED-43E4-959D-C2933DB1B2BD}.Debug|Any CPU.Build.0 = Debug|Any CPU
		{9B6ACEC1-20ED-43E4-959D-C2933DB1B2BD}.Release|Any CPU.ActiveCfg = Release|Any CPU
		{9B6ACEC1-20ED-43E4-959D-C2933DB1B2BD}.Release|Any CPU.Build.0 = Release|Any CPU
		{3F6CB483-DB59-4314-A462-0C1E7032EC6F}.Debug|Any CPU.ActiveCfg = Debug|Any CPU
		{3F6CB483-DB59-4314-A462-0C1E7032EC6F}.Debug|Any CPU.Build.0 = Debug|Any CPU
		{3F6CB483-DB59-4314-A462-0C1E7032EC6F}.Release|Any CPU.ActiveCfg = Release|Any CPU
		{3F6CB483-DB59-4314-A462-0C1E7032EC6F}.Release|Any CPU.Build.0 = Release|Any CPU
		{9B0A6583-FD4B-4FF7-8622-E81601A2B20A}.Debug|Any CPU.ActiveCfg = Debug|Any CPU
		{9B0A6583-FD4B-4FF7-8622-E81601A2B20A}.Debug|Any CPU.Build.0 = Debug|Any CPU
		{9B0A6583-FD4B-4FF7-8622-E81601A2B20A}.Release|Any CPU.ActiveCfg = Release|Any CPU
		{9B0A6583-FD4B-4FF7-8622-E81601A2B20A}.Release|Any CPU.Build.0 = Release|Any CPU
		{984775AA-9C3B-491C-806A-44CA2B337F18}.Debug|Any CPU.ActiveCfg = Debug|Any CPU
		{984775AA-9C3B-491C-806A-44CA2B337F18}.Debug|Any CPU.Build.0 = Debug|Any CPU
		{984775AA-9C3B-491C-806A-44CA2B337F18}.Release|Any CPU.ActiveCfg = Release|Any CPU
		{984775AA-9C3B-491C-806A-44CA2B337F18}.Release|Any CPU.Build.0 = Release|Any CPU
		{8F534402-52E4-437E-8AD7-D09A17AC4A87}.Debug|Any CPU.ActiveCfg = Debug|Any CPU
		{8F534402-52E4-437E-8AD7-D09A17AC4A87}.Debug|Any CPU.Build.0 = Debug|Any CPU
		{8F534402-52E4-437E-8AD7-D09A17AC4A87}.Release|Any CPU.ActiveCfg = Release|Any CPU
		{8F534402-52E4-437E-8AD7-D09A17AC4A87}.Release|Any CPU.Build.0 = Release|Any CPU
		{A2AA101A-DC7C-490B-B57A-C3A09364A4AC}.Debug|Any CPU.ActiveCfg = Debug|Any CPU
		{A2AA101A-DC7C-490B-B57A-C3A09364A4AC}.Debug|Any CPU.Build.0 = Debug|Any CPU
		{A2AA101A-DC7C-490B-B57A-C3A09364A4AC}.Release|Any CPU.ActiveCfg = Release|Any CPU
		{A2AA101A-DC7C-490B-B57A-C3A09364A4AC}.Release|Any CPU.Build.0 = Release|Any CPU
		{52C01D94-B3C2-4C85-B480-515D84449537}.Debug|Any CPU.ActiveCfg = Debug|Any CPU
		{52C01D94-B3C2-4C85-B480-515D84449537}.Debug|Any CPU.Build.0 = Debug|Any CPU
		{52C01D94-B3C2-4C85-B480-515D84449537}.Release|Any CPU.ActiveCfg = Release|Any CPU
		{52C01D94-B3C2-4C85-B480-515D84449537}.Release|Any CPU.Build.0 = Release|Any CPU
		{CDD0BB44-A000-43C9-B909-17EC2DE3EC93}.Debug|Any CPU.ActiveCfg = Debug|Any CPU
		{CDD0BB44-A000-43C9-B909-17EC2DE3EC93}.Debug|Any CPU.Build.0 = Debug|Any CPU
		{CDD0BB44-A000-43C9-B909-17EC2DE3EC93}.Release|Any CPU.ActiveCfg = Release|Any CPU
		{CDD0BB44-A000-43C9-B909-17EC2DE3EC93}.Release|Any CPU.Build.0 = Release|Any CPU
		{472F959C-067C-47F9-9977-7369C24511DC}.Debug|Any CPU.ActiveCfg = Debug|Any CPU
		{472F959C-067C-47F9-9977-7369C24511DC}.Debug|Any CPU.Build.0 = Debug|Any CPU
		{472F959C-067C-47F9-9977-7369C24511DC}.Release|Any CPU.ActiveCfg = Release|Any CPU
		{472F959C-067C-47F9-9977-7369C24511DC}.Release|Any CPU.Build.0 = Release|Any CPU
		{BCBB0799-881F-4B37-8FED-174674A126B3}.Debug|Any CPU.ActiveCfg = Debug|Any CPU
		{BCBB0799-881F-4B37-8FED-174674A126B3}.Debug|Any CPU.Build.0 = Debug|Any CPU
		{BCBB0799-881F-4B37-8FED-174674A126B3}.Release|Any CPU.ActiveCfg = Release|Any CPU
		{BCBB0799-881F-4B37-8FED-174674A126B3}.Release|Any CPU.Build.0 = Release|Any CPU
		{89A7F365-6513-431D-A1BC-871D2F0ED625}.Debug|Any CPU.ActiveCfg = Debug|Any CPU
		{89A7F365-6513-431D-A1BC-871D2F0ED625}.Debug|Any CPU.Build.0 = Debug|Any CPU
		{89A7F365-6513-431D-A1BC-871D2F0ED625}.Release|Any CPU.ActiveCfg = Release|Any CPU
		{89A7F365-6513-431D-A1BC-871D2F0ED625}.Release|Any CPU.Build.0 = Release|Any CPU
	EndGlobalSection
	GlobalSection(NestedProjects) = preSolution
		{9B0A6583-FD4B-4FF7-8622-E81601A2B20A} = {12608CE1-824C-4A43-A803-02E0FEB92E64}
		{984775AA-9C3B-491C-806A-44CA2B337F18} = {12608CE1-824C-4A43-A803-02E0FEB92E64}
		{8F534402-52E4-437E-8AD7-D09A17AC4A87} = {CD784377-460A-4075-849A-B4E3447E8DC1}
		{A2AA101A-DC7C-490B-B57A-C3A09364A4AC} = {CD784377-460A-4075-849A-B4E3447E8DC1}
		{52C01D94-B3C2-4C85-B480-515D84449537} = {CD784377-460A-4075-849A-B4E3447E8DC1}
		{CDD0BB44-A000-43C9-B909-17EC2DE3EC93} = {CD784377-460A-4075-849A-B4E3447E8DC1}
		{472F959C-067C-47F9-9977-7369C24511DC} = {CD784377-460A-4075-849A-B4E3447E8DC1}
		{BCBB0799-881F-4B37-8FED-174674A126B3} = {8AB7296A-E48B-4727-8E71-32542DEBCD3E}
		{89A7F365-6513-431D-A1BC-871D2F0ED625} = {8AB7296A-E48B-4727-8E71-32542DEBCD3E}
	EndGlobalSection
EndGlobal
