
Microsoft Visual Studio Solution File, Format Version 12.00
# Visual Studio Version 17
VisualStudioVersion = 17.0.31903.59
MinimumVisualStudioVersion = 10.0.40219.1
Project("{2150E333-8FDC-42A3-9474-1A3956D46DE8}") = "src", "src", "{96F9139A-79F7-480D-82F0-3FC8E9484224}"
EndProject
Project("{FAE04EC0-301F-11D3-BF4B-00C04F79EFBC}") = "ChatApp.Api", "src\ChatApp.Api\ChatApp.Api.csproj", "{1CC3AD9F-FA44-413D-A71F-34B6782624CA}"
EndProject
Project("{FAE04EC0-301F-11D3-BF4B-00C04F79EFBC}") = "ChatApp.Application", "src\ChatApp.Application\ChatApp.Application.csproj", "{42FEF6AC-36F6-40B6-B010-764524BB44F1}"
EndProject
Project("{FAE04EC0-301F-11D3-BF4B-00C04F79EFBC}") = "ChatApp.Contracts", "src\ChatApp.Contracts\ChatApp.Contracts.csproj", "{D8630714-7CA5-4E53-9B14-F2BE6D326395}"
EndProject
Project("{FAE04EC0-301F-11D3-BF4B-00C04F79EFBC}") = "ChatApp.Domain", "src\ChatApp.Domain\ChatApp.Domain.csproj", "{A360B1EF-DD20-40DE-9592-052FFC7360C1}"
EndProject
Project("{FAE04EC0-301F-11D3-BF4B-00C04F79EFBC}") = "ChatApp.Infrastructure", "src\ChatApp.Infrastructure\ChatApp.Infrastructure.csproj", "{2AD80AE1-D5FE-4EB5-ABF9-41727673552C}"
EndProject
Project("{2150E333-8FDC-42A3-9474-1A3956D46DE8}") = "tests", "tests", "{D8A99E58-34E8-4158-8117-DF2E3645D395}"
EndProject
Project("{FAE04EC0-301F-11D3-BF4B-00C04F79EFBC}") = "ChatApp.Application.Tests", "tests\ChatApp.Application.Tests\ChatApp.Application.Tests.csproj", "{0918E215-2638-4A86-92E8-C31A3AB3693D}"
EndProject
Project("{FAE04EC0-301F-11D3-BF4B-00C04F79EFBC}") = "ChatApp.Api.Tests", "tests\ChatApp.Api.Tests\ChatApp.Api.Tests.csproj", "{5A5AA3E6-E3A2-40DF-A66C-94CF58048296}"
EndProject
Global
	GlobalSection(SolutionConfigurationPlatforms) = preSolution
		Debug|Any CPU = Debug|Any CPU
		Release|Any CPU = Release|Any CPU
	EndGlobalSection
	GlobalSection(SolutionProperties) = preSolution
		HideSolutionNode = FALSE
	EndGlobalSection
	GlobalSection(ProjectConfigurationPlatforms) = postSolution
		{1CC3AD9F-FA44-413D-A71F-34B6782624CA}.Debug|Any CPU.ActiveCfg = Debug|Any CPU
		{1CC3AD9F-FA44-413D-A71F-34B6782624CA}.Debug|Any CPU.Build.0 = Debug|Any CPU
		{1CC3AD9F-FA44-413D-A71F-34B6782624CA}.Release|Any CPU.ActiveCfg = Release|Any CPU
		{1CC3AD9F-FA44-413D-A71F-34B6782624CA}.Release|Any CPU.Build.0 = Release|Any CPU
		{42FEF6AC-36F6-40B6-B010-764524BB44F1}.Debug|Any CPU.ActiveCfg = Debug|Any CPU
		{42FEF6AC-36F6-40B6-B010-764524BB44F1}.Debug|Any CPU.Build.0 = Debug|Any CPU
		{42FEF6AC-36F6-40B6-B010-764524BB44F1}.Release|Any CPU.ActiveCfg = Release|Any CPU
		{42FEF6AC-36F6-40B6-B010-764524BB44F1}.Release|Any CPU.Build.0 = Release|Any CPU
		{D8630714-7CA5-4E53-9B14-F2BE6D326395}.Debug|Any CPU.ActiveCfg = Debug|Any CPU
		{D8630714-7CA5-4E53-9B14-F2BE6D326395}.Debug|Any CPU.Build.0 = Debug|Any CPU
		{D8630714-7CA5-4E53-9B14-F2BE6D326395}.Release|Any CPU.ActiveCfg = Release|Any CPU
		{D8630714-7CA5-4E53-9B14-F2BE6D326395}.Release|Any CPU.Build.0 = Release|Any CPU
		{A360B1EF-DD20-40DE-9592-052FFC7360C1}.Debug|Any CPU.ActiveCfg = Debug|Any CPU
		{A360B1EF-DD20-40DE-9592-052FFC7360C1}.Debug|Any CPU.Build.0 = Debug|Any CPU
		{A360B1EF-DD20-40DE-9592-052FFC7360C1}.Release|Any CPU.ActiveCfg = Release|Any CPU
		{A360B1EF-DD20-40DE-9592-052FFC7360C1}.Release|Any CPU.Build.0 = Release|Any CPU
		{2AD80AE1-D5FE-4EB5-ABF9-41727673552C}.Debug|Any CPU.ActiveCfg = Debug|Any CPU
		{2AD80AE1-D5FE-4EB5-ABF9-41727673552C}.Debug|Any CPU.Build.0 = Debug|Any CPU
		{2AD80AE1-D5FE-4EB5-ABF9-41727673552C}.Release|Any CPU.ActiveCfg = Release|Any CPU
		{2AD80AE1-D5FE-4EB5-ABF9-41727673552C}.Release|Any CPU.Build.0 = Release|Any CPU
		{0918E215-2638-4A86-92E8-C31A3AB3693D}.Debug|Any CPU.ActiveCfg = Debug|Any CPU
		{0918E215-2638-4A86-92E8-C31A3AB3693D}.Debug|Any CPU.Build.0 = Debug|Any CPU
		{0918E215-2638-4A86-92E8-C31A3AB3693D}.Release|Any CPU.ActiveCfg = Release|Any CPU
		{0918E215-2638-4A86-92E8-C31A3AB3693D}.Release|Any CPU.Build.0 = Release|Any CPU
		{5A5AA3E6-E3A2-40DF-A66C-94CF58048296}.Debug|Any CPU.ActiveCfg = Debug|Any CPU
		{5A5AA3E6-E3A2-40DF-A66C-94CF58048296}.Debug|Any CPU.Build.0 = Debug|Any CPU
		{5A5AA3E6-E3A2-40DF-A66C-94CF58048296}.Release|Any CPU.ActiveCfg = Release|Any CPU
		{5A5AA3E6-E3A2-40DF-A66C-94CF58048296}.Release|Any CPU.Build.0 = Release|Any CPU
	EndGlobalSection
	GlobalSection(NestedProjects) = preSolution
		{1CC3AD9F-FA44-413D-A71F-34B6782624CA} = {96F9139A-79F7-480D-82F0-3FC8E9484224}
		{42FEF6AC-36F6-40B6-B010-764524BB44F1} = {96F9139A-79F7-480D-82F0-3FC8E9484224}
		{D8630714-7CA5-4E53-9B14-F2BE6D326395} = {96F9139A-79F7-480D-82F0-3FC8E9484224}
		{A360B1EF-DD20-40DE-9592-052FFC7360C1} = {96F9139A-79F7-480D-82F0-3FC8E9484224}
		{2AD80AE1-D5FE-4EB5-ABF9-41727673552C} = {96F9139A-79F7-480D-82F0-3FC8E9484224}
		{0918E215-2638-4A86-92E8-C31A3AB3693D} = {D8A99E58-34E8-4158-8117-DF2E3645D395}
		{5A5AA3E6-E3A2-40DF-A66C-94CF58048296} = {D8A99E58-34E8-4158-8117-DF2E3645D395}
	EndGlobalSection
EndGlobal
